Microsoft Visual Studio Solution File, Format Version 12.00
# Visual Studio Version 16
VisualStudioVersion = 16.0.31313.79
MinimumVisualStudioVersion = 10.0.40219.1
Project("{FAE04EC0-301F-11D3-BF4B-00C04F79EFBC}") = "Flex.Android", "Flex.Android\Flex.Android.csproj", "{7C0CA7BC-842F-4492-AE49-C530618315F9}"
EndProject
Project("{FAE04EC0-301F-11D3-BF4B-00C04F79EFBC}") = "Flex.iOS", "Flex.iOS\Flex.iOS.csproj", "{43DD689A-3918-43EB-B654-8E1C54F23C72}"
EndProject
Project("{FAE04EC0-301F-11D3-BF4B-00C04F79EFBC}") = "Flex.Demo.iOS", "Flex.Demo.iOS\Flex.Demo.iOS.csproj", "{56D7D974-CB4E-4529-AE84-51EF1450F6FC}"
EndProject
Project("{FAE04EC0-301F-11D3-BF4B-00C04F79EFBC}") = "Flex.Demo.UITests", "Flex.Demo.UITests\Flex.Demo.UITests.csproj", "{E11780C4-2D05-48BE-A8C2-C0C89463A8D1}"
EndProject
Project("{9A19103F-16F7-4668-BE54-9A1E7A4F7556}") = "Flex", "Flex\Flex.csproj", "{4FBE2794-BD54-4C5E-B95A-46B2D5606C5F}"
EndProject
Project("{2150E333-8FDC-42A3-9474-1A3956D46DE8}") = "Demo", "Demo", "{0DE97C93-9067-448F-BB07-6DAF257F67EE}"
EndProject
Project("{9A19103F-16F7-4668-BE54-9A1E7A4F7556}") = "Flex.Demo", "Flex.Demo\Flex.Demo.csproj", "{1A52E52B-9644-4C1C-9E25-6C72FE33C25D}"
EndProject
Project("{2150E333-8FDC-42A3-9474-1A3956D46DE8}") = "Nuget", "Nuget", "{278A8BE1-4510-4E94-B5B9-E113816D8500}"
	ProjectSection(SolutionItems) = preProject
		Nuget\Forms.Controls.FlexButton.nuspec = Nuget\Forms.Controls.FlexButton.nuspec
	EndProjectSection
EndProject
Project("{FAE04EC0-301F-11D3-BF4B-00C04F79EFBC}") = "Flex.Demo.UWP", "Flex.Demo.UWP\Flex.Demo.UWP.csproj", "{FE0AADE0-65A2-465D-B38F-0E61E2763491}"
EndProject
Project("{FAE04EC0-301F-11D3-BF4B-00C04F79EFBC}") = "Flex.UWP", "Flex.UWP\Flex.UWP.csproj", "{82BBCD26-EE52-4701-BD3B-3AC28FE9C235}"
EndProject
Project("{FAE04EC0-301F-11D3-BF4B-00C04F79EFBC}") = "Flex.Demo.Droid", "Flex.Demo.Droid\Flex.Demo.Droid.csproj", "{5C61ACDA-5832-40D3-91F9-B0E19E828D7F}"
EndProject
Global
	GlobalSection(SolutionConfigurationPlatforms) = preSolution
		Debug|Any CPU = Debug|Any CPU
		Debug|ARM = Debug|ARM
		Debug|iPhone = Debug|iPhone
		Debug|iPhoneSimulator = Debug|iPhoneSimulator
		Debug|x64 = Debug|x64
		Debug|x86 = Debug|x86
		Release|Any CPU = Release|Any CPU
		Release|ARM = Release|ARM
		Release|iPhone = Release|iPhone
		Release|iPhoneSimulator = Release|iPhoneSimulator
		Release|x64 = Release|x64
		Release|x86 = Release|x86
	EndGlobalSection
	GlobalSection(ProjectConfigurationPlatforms) = postSolution
		{7C0CA7BC-842F-4492-AE49-C530618315F9}.Debug|Any CPU.ActiveCfg = Debug|Any CPU
		{7C0CA7BC-842F-4492-AE49-C530618315F9}.Debug|Any CPU.Build.0 = Debug|Any CPU
		{7C0CA7BC-842F-4492-AE49-C530618315F9}.Debug|ARM.ActiveCfg = Debug|Any CPU
		{7C0CA7BC-842F-4492-AE49-C530618315F9}.Debug|iPhone.ActiveCfg = Debug|Any CPU
		{7C0CA7BC-842F-4492-AE49-C530618315F9}.Debug|iPhone.Build.0 = Debug|Any CPU
		{7C0CA7BC-842F-4492-AE49-C530618315F9}.Debug|iPhoneSimulator.ActiveCfg = Debug|Any CPU
		{7C0CA7BC-842F-4492-AE49-C530618315F9}.Debug|iPhoneSimulator.Build.0 = Debug|Any CPU
		{7C0CA7BC-842F-4492-AE49-C530618315F9}.Debug|x64.ActiveCfg = Debug|Any CPU
		{7C0CA7BC-842F-4492-AE49-C530618315F9}.Debug|x86.ActiveCfg = Debug|Any CPU
		{7C0CA7BC-842F-4492-AE49-C530618315F9}.Release|Any CPU.ActiveCfg = Release|Any CPU
		{7C0CA7BC-842F-4492-AE49-C530618315F9}.Release|Any CPU.Build.0 = Release|Any CPU
		{7C0CA7BC-842F-4492-AE49-C530618315F9}.Release|ARM.ActiveCfg = Release|Any CPU
		{7C0CA7BC-842F-4492-AE49-C530618315F9}.Release|iPhone.ActiveCfg = Release|Any CPU
		{7C0CA7BC-842F-4492-AE49-C530618315F9}.Release|iPhone.Build.0 = Release|Any CPU
		{7C0CA7BC-842F-4492-AE49-C530618315F9}.Release|iPhoneSimulator.ActiveCfg = Release|Any CPU
		{7C0CA7BC-842F-4492-AE49-C530618315F9}.Release|iPhoneSimulator.Build.0 = Release|Any CPU
		{7C0CA7BC-842F-4492-AE49-C530618315F9}.Release|x64.ActiveCfg = Release|Any CPU
		{7C0CA7BC-842F-4492-AE49-C530618315F9}.Release|x86.ActiveCfg = Release|Any CPU
		{43DD689A-3918-43EB-B654-8E1C54F23C72}.Debug|Any CPU.ActiveCfg = Debug|Any CPU
		{43DD689A-3918-43EB-B654-8E1C54F23C72}.Debug|Any CPU.Build.0 = Debug|Any CPU
		{43DD689A-3918-43EB-B654-8E1C54F23C72}.Debug|ARM.ActiveCfg = Debug|Any CPU
		{43DD689A-3918-43EB-B654-8E1C54F23C72}.Debug|iPhone.ActiveCfg = Debug|Any CPU
		{43DD689A-3918-43EB-B654-8E1C54F23C72}.Debug|iPhone.Build.0 = Debug|Any CPU
		{43DD689A-3918-43EB-B654-8E1C54F23C72}.Debug|iPhoneSimulator.ActiveCfg = Debug|Any CPU
		{43DD689A-3918-43EB-B654-8E1C54F23C72}.Debug|iPhoneSimulator.Build.0 = Debug|Any CPU
		{43DD689A-3918-43EB-B654-8E1C54F23C72}.Debug|x64.ActiveCfg = Debug|Any CPU
		{43DD689A-3918-43EB-B654-8E1C54F23C72}.Debug|x86.ActiveCfg = Debug|Any CPU
		{43DD689A-3918-43EB-B654-8E1C54F23C72}.Release|Any CPU.ActiveCfg = Release|Any CPU
		{43DD689A-3918-43EB-B654-8E1C54F23C72}.Release|Any CPU.Build.0 = Release|Any CPU
		{43DD689A-3918-43EB-B654-8E1C54F23C72}.Release|ARM.ActiveCfg = Release|Any CPU
		{43DD689A-3918-43EB-B654-8E1C54F23C72}.Release|iPhone.ActiveCfg = Release|Any CPU
		{43DD689A-3918-43EB-B654-8E1C54F23C72}.Release|iPhone.Build.0 = Release|Any CPU
		{43DD689A-3918-43EB-B654-8E1C54F23C72}.Release|iPhoneSimulator.ActiveCfg = Release|Any CPU
		{43DD689A-3918-43EB-B654-8E1C54F23C72}.Release|iPhoneSimulator.Build.0 = Release|Any CPU
		{43DD689A-3918-43EB-B654-8E1C54F23C72}.Release|x64.ActiveCfg = Release|Any CPU
		{43DD689A-3918-43EB-B654-8E1C54F23C72}.Release|x86.ActiveCfg = Release|Any CPU
		{56D7D974-CB4E-4529-AE84-51EF1450F6FC}.Debug|Any CPU.ActiveCfg = Debug|iPhoneSimulator
		{56D7D974-CB4E-4529-AE84-51EF1450F6FC}.Debug|Any CPU.Build.0 = Debug|iPhoneSimulator
		{56D7D974-CB4E-4529-AE84-51EF1450F6FC}.Debug|ARM.ActiveCfg = Debug|iPhone
		{56D7D974-CB4E-4529-AE84-51EF1450F6FC}.Debug|iPhone.ActiveCfg = Debug|iPhone
		{56D7D974-CB4E-4529-AE84-51EF1450F6FC}.Debug|iPhone.Build.0 = Debug|iPhone
		{56D7D974-CB4E-4529-AE84-51EF1450F6FC}.Debug|iPhoneSimulator.ActiveCfg = Debug|iPhoneSimulator
		{56D7D974-CB4E-4529-AE84-51EF1450F6FC}.Debug|iPhoneSimulator.Build.0 = Debug|iPhoneSimulator
		{56D7D974-CB4E-4529-AE84-51EF1450F6FC}.Debug|x64.ActiveCfg = Debug|iPhone
		{56D7D974-CB4E-4529-AE84-51EF1450F6FC}.Debug|x86.ActiveCfg = Debug|iPhone
		{56D7D974-CB4E-4529-AE84-51EF1450F6FC}.Release|Any CPU.ActiveCfg = Release|iPhone
		{56D7D974-CB4E-4529-AE84-51EF1450F6FC}.Release|Any CPU.Build.0 = Release|iPhone
		{56D7D974-CB4E-4529-AE84-51EF1450F6FC}.Release|ARM.ActiveCfg = Release|iPhoneSimulator
		{56D7D974-CB4E-4529-AE84-51EF1450F6FC}.Release|iPhone.ActiveCfg = Release|iPhone
		{56D7D974-CB4E-4529-AE84-51EF1450F6FC}.Release|iPhone.Build.0 = Release|iPhone
		{56D7D974-CB4E-4529-AE84-51EF1450F6FC}.Release|iPhoneSimulator.ActiveCfg = Release|iPhoneSimulator
		{56D7D974-CB4E-4529-AE84-51EF1450F6FC}.Release|iPhoneSimulator.Build.0 = Release|iPhoneSimulator
		{56D7D974-CB4E-4529-AE84-51EF1450F6FC}.Release|x64.ActiveCfg = Release|iPhoneSimulator
		{56D7D974-CB4E-4529-AE84-51EF1450F6FC}.Release|x86.ActiveCfg = Release|iPhoneSimulator
		{E11780C4-2D05-48BE-A8C2-C0C89463A8D1}.Debug|Any CPU.ActiveCfg = Debug|Any CPU
		{E11780C4-2D05-48BE-A8C2-C0C89463A8D1}.Debug|Any CPU.Build.0 = Debug|Any CPU
		{E11780C4-2D05-48BE-A8C2-C0C89463A8D1}.Debug|ARM.ActiveCfg = Debug|Any CPU
		{E11780C4-2D05-48BE-A8C2-C0C89463A8D1}.Debug|ARM.Build.0 = Debug|Any CPU
		{E11780C4-2D05-48BE-A8C2-C0C89463A8D1}.Debug|iPhone.ActiveCfg = Debug|Any CPU
		{E11780C4-2D05-48BE-A8C2-C0C89463A8D1}.Debug|iPhone.Build.0 = Debug|Any CPU
		{E11780C4-2D05-48BE-A8C2-C0C89463A8D1}.Debug|iPhoneSimulator.ActiveCfg = Debug|Any CPU
		{E11780C4-2D05-48BE-A8C2-C0C89463A8D1}.Debug|iPhoneSimulator.Build.0 = Debug|Any CPU
		{E11780C4-2D05-48BE-A8C2-C0C89463A8D1}.Debug|x64.ActiveCfg = Debug|Any CPU
		{E11780C4-2D05-48BE-A8C2-C0C89463A8D1}.Debug|x64.Build.0 = Debug|Any CPU
		{E11780C4-2D05-48BE-A8C2-C0C89463A8D1}.Debug|x86.ActiveCfg = Debug|Any CPU
		{E11780C4-2D05-48BE-A8C2-C0C89463A8D1}.Debug|x86.Build.0 = Debug|Any CPU
		{E11780C4-2D05-48BE-A8C2-C0C89463A8D1}.Release|Any CPU.ActiveCfg = Release|Any CPU
		{E11780C4-2D05-48BE-A8C2-C0C89463A8D1}.Release|Any CPU.Build.0 = Release|Any CPU
		{E11780C4-2D05-48BE-A8C2-C0C89463A8D1}.Release|ARM.ActiveCfg = Release|Any CPU
		{E11780C4-2D05-48BE-A8C2-C0C89463A8D1}.Release|ARM.Build.0 = Release|Any CPU
		{E11780C4-2D05-48BE-A8C2-C0C89463A8D1}.Release|iPhone.ActiveCfg = Release|Any CPU
		{E11780C4-2D05-48BE-A8C2-C0C89463A8D1}.Release|iPhone.Build.0 = Release|Any CPU
		{E11780C4-2D05-48BE-A8C2-C0C89463A8D1}.Release|iPhoneSimulator.ActiveCfg = Release|Any CPU
		{E11780C4-2D05-48BE-A8C2-C0C89463A8D1}.Release|iPhoneSimulator.Build.0 = Release|Any CPU
		{E11780C4-2D05-48BE-A8C2-C0C89463A8D1}.Release|x64.ActiveCfg = Release|Any CPU
		{E11780C4-2D05-48BE-A8C2-C0C89463A8D1}.Release|x64.Build.0 = Release|Any CPU
		{E11780C4-2D05-48BE-A8C2-C0C89463A8D1}.Release|x86.ActiveCfg = Release|Any CPU
		{E11780C4-2D05-48BE-A8C2-C0C89463A8D1}.Release|x86.Build.0 = Release|Any CPU
		{4FBE2794-BD54-4C5E-B95A-46B2D5606C5F}.Debug|Any CPU.ActiveCfg = Debug|Any CPU
		{4FBE2794-BD54-4C5E-B95A-46B2D5606C5F}.Debug|Any CPU.Build.0 = Debug|Any CPU
		{4FBE2794-BD54-4C5E-B95A-46B2D5606C5F}.Debug|ARM.ActiveCfg = Debug|Any CPU
		{4FBE2794-BD54-4C5E-B95A-46B2D5606C5F}.Debug|ARM.Build.0 = Debug|Any CPU
		{4FBE2794-BD54-4C5E-B95A-46B2D5606C5F}.Debug|iPhone.ActiveCfg = Debug|Any CPU
		{4FBE2794-BD54-4C5E-B95A-46B2D5606C5F}.Debug|iPhone.Build.0 = Debug|Any CPU
		{4FBE2794-BD54-4C5E-B95A-46B2D5606C5F}.Debug|iPhoneSimulator.ActiveCfg = Debug|Any CPU
		{4FBE2794-BD54-4C5E-B95A-46B2D5606C5F}.Debug|iPhoneSimulator.Build.0 = Debug|Any CPU
		{4FBE2794-BD54-4C5E-B95A-46B2D5606C5F}.Debug|x64.ActiveCfg = Debug|Any CPU
		{4FBE2794-BD54-4C5E-B95A-46B2D5606C5F}.Debug|x64.Build.0 = Debug|Any CPU
		{4FBE2794-BD54-4C5E-B95A-46B2D5606C5F}.Debug|x86.ActiveCfg = Debug|Any CPU
		{4FBE2794-BD54-4C5E-B95A-46B2D5606C5F}.Debug|x86.Build.0 = Debug|Any CPU
		{4FBE2794-BD54-4C5E-B95A-46B2D5606C5F}.Release|Any CPU.ActiveCfg = Release|Any CPU
		{4FBE2794-BD54-4C5E-B95A-46B2D5606C5F}.Release|Any CPU.Build.0 = Release|Any CPU
		{4FBE2794-BD54-4C5E-B95A-46B2D5606C5F}.Release|ARM.ActiveCfg = Release|Any CPU
		{4FBE2794-BD54-4C5E-B95A-46B2D5606C5F}.Release|ARM.Build.0 = Release|Any CPU
		{4FBE2794-BD54-4C5E-B95A-46B2D5606C5F}.Release|iPhone.ActiveCfg = Release|Any CPU
		{4FBE2794-BD54-4C5E-B95A-46B2D5606C5F}.Release|iPhone.Build.0 = Release|Any CPU
		{4FBE2794-BD54-4C5E-B95A-46B2D5606C5F}.Release|iPhoneSimulator.ActiveCfg = Release|Any CPU
		{4FBE2794-BD54-4C5E-B95A-46B2D5606C5F}.Release|iPhoneSimulator.Build.0 = Release|Any CPU
		{4FBE2794-BD54-4C5E-B95A-46B2D5606C5F}.Release|x64.ActiveCfg = Release|Any CPU
		{4FBE2794-BD54-4C5E-B95A-46B2D5606C5F}.Release|x64.Build.0 = Release|Any CPU
		{4FBE2794-BD54-4C5E-B95A-46B2D5606C5F}.Release|x86.ActiveCfg = Release|Any CPU
		{4FBE2794-BD54-4C5E-B95A-46B2D5606C5F}.Release|x86.Build.0 = Release|Any CPU
		{1A52E52B-9644-4C1C-9E25-6C72FE33C25D}.Debug|Any CPU.ActiveCfg = Debug|Any CPU
		{1A52E52B-9644-4C1C-9E25-6C72FE33C25D}.Debug|Any CPU.Build.0 = Debug|Any CPU
		{1A52E52B-9644-4C1C-9E25-6C72FE33C25D}.Debug|ARM.ActiveCfg = Debug|Any CPU
		{1A52E52B-9644-4C1C-9E25-6C72FE33C25D}.Debug|ARM.Build.0 = Debug|Any CPU
		{1A52E52B-9644-4C1C-9E25-6C72FE33C25D}.Debug|iPhone.ActiveCfg = Debug|Any CPU
		{1A52E52B-9644-4C1C-9E25-6C72FE33C25D}.Debug|iPhone.Build.0 = Debug|Any CPU
		{1A52E52B-9644-4C1C-9E25-6C72FE33C25D}.Debug|iPhoneSimulator.ActiveCfg = Debug|Any CPU
		{1A52E52B-9644-4C1C-9E25-6C72FE33C25D}.Debug|iPhoneSimulator.Build.0 = Debug|Any CPU
		{1A52E52B-9644-4C1C-9E25-6C72FE33C25D}.Debug|x64.ActiveCfg = Debug|Any CPU
		{1A52E52B-9644-4C1C-9E25-6C72FE33C25D}.Debug|x64.Build.0 = Debug|Any CPU
		{1A52E52B-9644-4C1C-9E25-6C72FE33C25D}.Debug|x86.ActiveCfg = Debug|Any CPU
		{1A52E52B-9644-4C1C-9E25-6C72FE33C25D}.Debug|x86.Build.0 = Debug|Any CPU
		{1A52E52B-9644-4C1C-9E25-6C72FE33C25D}.Release|Any CPU.ActiveCfg = Release|Any CPU
		{1A52E52B-9644-4C1C-9E25-6C72FE33C25D}.Release|Any CPU.Build.0 = Release|Any CPU
		{1A52E52B-9644-4C1C-9E25-6C72FE33C25D}.Release|ARM.ActiveCfg = Release|Any CPU
		{1A52E52B-9644-4C1C-9E25-6C72FE33C25D}.Release|ARM.Build.0 = Release|Any CPU
		{1A52E52B-9644-4C1C-9E25-6C72FE33C25D}.Release|iPhone.ActiveCfg = Release|Any CPU
		{1A52E52B-9644-4C1C-9E25-6C72FE33C25D}.Release|iPhone.Build.0 = Release|Any CPU
		{1A52E52B-9644-4C1C-9E25-6C72FE33C25D}.Release|iPhoneSimulator.ActiveCfg = Release|Any CPU
		{1A52E52B-9644-4C1C-9E25-6C72FE33C25D}.Release|iPhoneSimulator.Build.0 = Release|Any CPU
		{1A52E52B-9644-4C1C-9E25-6C72FE33C25D}.Release|x64.ActiveCfg = Release|Any CPU
		{1A52E52B-9644-4C1C-9E25-6C72FE33C25D}.Release|x64.Build.0 = Release|Any CPU
		{1A52E52B-9644-4C1C-9E25-6C72FE33C25D}.Release|x86.ActiveCfg = Release|Any CPU
		{1A52E52B-9644-4C1C-9E25-6C72FE33C25D}.Release|x86.Build.0 = Release|Any CPU
		{FE0AADE0-65A2-465D-B38F-0E61E2763491}.Debug|Any CPU.ActiveCfg = Debug|x86
		{FE0AADE0-65A2-465D-B38F-0E61E2763491}.Debug|Any CPU.Build.0 = Debug|x86
		{FE0AADE0-65A2-465D-B38F-0E61E2763491}.Debug|Any CPU.Deploy.0 = Debug|x86
		{FE0AADE0-65A2-465D-B38F-0E61E2763491}.Debug|ARM.ActiveCfg = Debug|ARM
		{FE0AADE0-65A2-465D-B38F-0E61E2763491}.Debug|ARM.Build.0 = Debug|ARM
		{FE0AADE0-65A2-465D-B38F-0E61E2763491}.Debug|ARM.Deploy.0 = Debug|ARM
		{FE0AADE0-65A2-465D-B38F-0E61E2763491}.Debug|iPhone.ActiveCfg = Debug|x86
		{FE0AADE0-65A2-465D-B38F-0E61E2763491}.Debug|iPhoneSimulator.ActiveCfg = Debug|x86
		{FE0AADE0-65A2-465D-B38F-0E61E2763491}.Debug|x64.ActiveCfg = Debug|x64
		{FE0AADE0-65A2-465D-B38F-0E61E2763491}.Debug|x64.Build.0 = Debug|x64
		{FE0AADE0-65A2-465D-B38F-0E61E2763491}.Debug|x64.Deploy.0 = Debug|x64
		{FE0AADE0-65A2-465D-B38F-0E61E2763491}.Debug|x86.ActiveCfg = Debug|x86
		{FE0AADE0-65A2-465D-B38F-0E61E2763491}.Debug|x86.Build.0 = Debug|x86
		{FE0AADE0-65A2-465D-B38F-0E61E2763491}.Debug|x86.Deploy.0 = Debug|x86
		{FE0AADE0-65A2-465D-B38F-0E61E2763491}.Release|Any CPU.ActiveCfg = Release|x86
		{FE0AADE0-65A2-465D-B38F-0E61E2763491}.Release|Any CPU.Build.0 = Release|x86
		{FE0AADE0-65A2-465D-B38F-0E61E2763491}.Release|Any CPU.Deploy.0 = Release|x86
		{FE0AADE0-65A2-465D-B38F-0E61E2763491}.Release|ARM.ActiveCfg = Release|ARM
		{FE0AADE0-65A2-465D-B38F-0E61E2763491}.Release|ARM.Build.0 = Release|ARM
		{FE0AADE0-65A2-465D-B38F-0E61E2763491}.Release|ARM.Deploy.0 = Release|ARM
		{FE0AADE0-65A2-465D-B38F-0E61E2763491}.Release|iPhone.ActiveCfg = Release|x86
		{FE0AADE0-65A2-465D-B38F-0E61E2763491}.Release|iPhoneSimulator.ActiveCfg = Release|x86
		{FE0AADE0-65A2-465D-B38F-0E61E2763491}.Release|x64.ActiveCfg = Release|x64
		{FE0AADE0-65A2-465D-B38F-0E61E2763491}.Release|x64.Build.0 = Release|x64
		{FE0AADE0-65A2-465D-B38F-0E61E2763491}.Release|x64.Deploy.0 = Release|x64
		{FE0AADE0-65A2-465D-B38F-0E61E2763491}.Release|x86.ActiveCfg = Release|x86
		{FE0AADE0-65A2-465D-B38F-0E61E2763491}.Release|x86.Build.0 = Release|x86
		{FE0AADE0-65A2-465D-B38F-0E61E2763491}.Release|x86.Deploy.0 = Release|x86
		{82BBCD26-EE52-4701-BD3B-3AC28FE9C235}.Debug|Any CPU.ActiveCfg = Debug|Any CPU
		{82BBCD26-EE52-4701-BD3B-3AC28FE9C235}.Debug|Any CPU.Build.0 = Debug|Any CPU
		{82BBCD26-EE52-4701-BD3B-3AC28FE9C235}.Debug|ARM.ActiveCfg = Debug|ARM
		{82BBCD26-EE52-4701-BD3B-3AC28FE9C235}.Debug|ARM.Build.0 = Debug|ARM
		{82BBCD26-EE52-4701-BD3B-3AC28FE9C235}.Debug|iPhone.ActiveCfg = Debug|Any CPU
		{82BBCD26-EE52-4701-BD3B-3AC28FE9C235}.Debug|iPhone.Build.0 = Debug|Any CPU
		{82BBCD26-EE52-4701-BD3B-3AC28FE9C235}.Debug|iPhoneSimulator.ActiveCfg = Debug|Any CPU
		{82BBCD26-EE52-4701-BD3B-3AC28FE9C235}.Debug|iPhoneSimulator.Build.0 = Debug|Any CPU
		{82BBCD26-EE52-4701-BD3B-3AC28FE9C235}.Debug|x64.ActiveCfg = Debug|x64
		{82BBCD26-EE52-4701-BD3B-3AC28FE9C235}.Debug|x64.Build.0 = Debug|x64
		{82BBCD26-EE52-4701-BD3B-3AC28FE9C235}.Debug|x86.ActiveCfg = Debug|x86
		{82BBCD26-EE52-4701-BD3B-3AC28FE9C235}.Debug|x86.Build.0 = Debug|x86
		{82BBCD26-EE52-4701-BD3B-3AC28FE9C235}.Release|Any CPU.ActiveCfg = Release|Any CPU
		{82BBCD26-EE52-4701-BD3B-3AC28FE9C235}.Release|Any CPU.Build.0 = Release|Any CPU
		{82BBCD26-EE52-4701-BD3B-3AC28FE9C235}.Release|ARM.ActiveCfg = Release|ARM
		{82BBCD26-EE52-4701-BD3B-3AC28FE9C235}.Release|ARM.Build.0 = Release|ARM
		{82BBCD26-EE52-4701-BD3B-3AC28FE9C235}.Release|iPhone.ActiveCfg = Release|Any CPU
		{82BBCD26-EE52-4701-BD3B-3AC28FE9C235}.Release|iPhone.Build.0 = Release|Any CPU
		{82BBCD26-EE52-4701-BD3B-3AC28FE9C235}.Release|iPhoneSimulator.ActiveCfg = Release|Any CPU
		{82BBCD26-EE52-4701-BD3B-3AC28FE9C235}.Release|iPhoneSimulator.Build.0 = Release|Any CPU
		{82BBCD26-EE52-4701-BD3B-3AC28FE9C235}.Release|x64.ActiveCfg = Release|x64
		{82BBCD26-EE52-4701-BD3B-3AC28FE9C235}.Release|x64.Build.0 = Release|x64
		{82BBCD26-EE52-4701-BD3B-3AC28FE9C235}.Release|x86.ActiveCfg = Release|x86
		{82BBCD26-EE52-4701-BD3B-3AC28FE9C235}.Release|x86.Build.0 = Release|x86
		{5C61ACDA-5832-40D3-91F9-B0E19E828D7F}.Debug|Any CPU.ActiveCfg = Debug|Any CPU
		{5C61ACDA-5832-40D3-91F9-B0E19E828D7F}.Debug|Any CPU.Build.0 = Debug|Any CPU
		{5C61ACDA-5832-40D3-91F9-B0E19E828D7F}.Debug|Any CPU.Deploy.0 = Debug|Any CPU
		{5C61ACDA-5832-40D3-91F9-B0E19E828D7F}.Debug|ARM.ActiveCfg = Debug|Any CPU
		{5C61ACDA-5832-40D3-91F9-B0E19E828D7F}.Debug|ARM.Build.0 = Debug|Any CPU
		{5C61ACDA-5832-40D3-91F9-B0E19E828D7F}.Debug|ARM.Deploy.0 = Debug|Any CPU
		{5C61ACDA-5832-40D3-91F9-B0E19E828D7F}.Debug|iPhone.ActiveCfg = Debug|Any CPU
		{5C61ACDA-5832-40D3-91F9-B0E19E828D7F}.Debug|iPhone.Build.0 = Debug|Any CPU
		{5C61ACDA-5832-40D3-91F9-B0E19E828D7F}.Debug|iPhoneSimulator.ActiveCfg = Debug|Any CPU
		{5C61ACDA-5832-40D3-91F9-B0E19E828D7F}.Debug|iPhoneSimulator.Build.0 = Debug|Any CPU
		{5C61ACDA-5832-40D3-91F9-B0E19E828D7F}.Debug|x64.ActiveCfg = Debug|Any CPU
		{5C61ACDA-5832-40D3-91F9-B0E19E828D7F}.Debug|x64.Build.0 = Debug|Any CPU
		{5C61ACDA-5832-40D3-91F9-B0E19E828D7F}.Debug|x64.Deploy.0 = Debug|Any CPU
		{5C61ACDA-5832-40D3-91F9-B0E19E828D7F}.Debug|x86.ActiveCfg = Debug|Any CPU
		{5C61ACDA-5832-40D3-91F9-B0E19E828D7F}.Debug|x86.Build.0 = Debug|Any CPU
		{5C61ACDA-5832-40D3-91F9-B0E19E828D7F}.Debug|x86.Deploy.0 = Debug|Any CPU
		{5C61ACDA-5832-40D3-91F9-B0E19E828D7F}.Release|Any CPU.ActiveCfg = Release|Any CPU
		{5C61ACDA-5832-40D3-91F9-B0E19E828D7F}.Release|Any CPU.Build.0 = Release|Any CPU
		{5C61ACDA-5832-40D3-91F9-B0E19E828D7F}.Release|ARM.ActiveCfg = Release|Any CPU
		{5C61ACDA-5832-40D3-91F9-B0E19E828D7F}.Release|ARM.Build.0 = Release|Any CPU
		{5C61ACDA-5832-40D3-91F9-B0E19E828D7F}.Release|ARM.Deploy.0 = Release|Any CPU
		{5C61ACDA-5832-40D3-91F9-B0E19E828D7F}.Release|iPhone.ActiveCfg = Release|Any CPU
		{5C61ACDA-5832-40D3-91F9-B0E19E828D7F}.Release|iPhone.Build.0 = Release|Any CPU
		{5C61ACDA-5832-40D3-91F9-B0E19E828D7F}.Release|iPhoneSimulator.ActiveCfg = Release|Any CPU
		{5C61ACDA-5832-40D3-91F9-B0E19E828D7F}.Release|iPhoneSimulator.Build.0 = Release|Any CPU
		{5C61ACDA-5832-40D3-91F9-B0E19E828D7F}.Release|x64.ActiveCfg = Release|Any CPU
		{5C61ACDA-5832-40D3-91F9-B0E19E828D7F}.Release|x64.Build.0 = Release|Any CPU
		{5C61ACDA-5832-40D3-91F9-B0E19E828D7F}.Release|x64.Deploy.0 = Release|Any CPU
		{5C61ACDA-5832-40D3-91F9-B0E19E828D7F}.Release|x86.ActiveCfg = Release|Any CPU
		{5C61ACDA-5832-40D3-91F9-B0E19E828D7F}.Release|x86.Build.0 = Release|Any CPU
		{5C61ACDA-5832-40D3-91F9-B0E19E828D7F}.Release|x86.Deploy.0 = Release|Any CPU
	EndGlobalSection
	GlobalSection(SolutionProperties) = preSolution
		HideSolutionNode = FALSE
	EndGlobalSection
	GlobalSection(NestedProjects) = preSolution
		{56D7D974-CB4E-4529-AE84-51EF1450F6FC} = {0DE97C93-9067-448F-BB07-6DAF257F67EE}
		{E11780C4-2D05-48BE-A8C2-C0C89463A8D1} = {0DE97C93-9067-448F-BB07-6DAF257F67EE}
		{1A52E52B-9644-4C1C-9E25-6C72FE33C25D} = {0DE97C93-9067-448F-BB07-6DAF257F67EE}
		{FE0AADE0-65A2-465D-B38F-0E61E2763491} = {0DE97C93-9067-448F-BB07-6DAF257F67EE}
		{5C61ACDA-5832-40D3-91F9-B0E19E828D7F} = {0DE97C93-9067-448F-BB07-6DAF257F67EE}
	EndGlobalSection
	GlobalSection(ExtensibilityGlobals) = postSolution
		SolutionGuid = {22158A5A-6CDB-4920-837E-2808DFDDCA5D}
	EndGlobalSection
EndGlobal
