
Microsoft Visual Studio Solution File, Format Version 12.00
# Visual Studio 2012
Project("{FAE04EC0-301F-11D3-BF4B-00C04F79EFBC}") = "FlexButton.Demo", "Demo\FlexButton.Demo\FlexButton.Demo.csproj", "{059837A7-9A63-4664-AED7-F020A37DF868}"
EndProject
Project("{FAE04EC0-301F-11D3-BF4B-00C04F79EFBC}") = "FlexButton.Demo.iOS", "Demo\FlexButton.Demo.iOS\FlexButton.Demo.iOS.csproj", "{FAD3DF33-4E3B-473B-A572-93C1E92D9CBA}"
EndProject
Project("{FAE04EC0-301F-11D3-BF4B-00C04F79EFBC}") = "FlexButton.Demo.Droid", "Demo\FlexButton.Demo.Droid\FlexButton.Demo.Droid.csproj", "{53C2546B-E7C8-4CF8-ABA6-F0BEDD036094}"
EndProject
Project("{FAE04EC0-301F-11D3-BF4B-00C04F79EFBC}") = "FlexButton.Demo.UITests", "Demo\FlexButton.Demo.UITests\FlexButton.Demo.UITests.csproj", "{6AC01F0C-165B-4DA8-93F2-104C7FCEF218}"
EndProject
Project("{2150E333-8FDC-42A3-9474-1A3956D46DE8}") = "Demo", "Demo", "{C7DB3443-743F-4623-B368-06DDCB79BDE6}"
EndProject
Project("{FAE04EC0-301F-11D3-BF4B-00C04F79EFBC}") = "Xamarin.Forms.Flex", "FlexButton\Xamarin.Forms.Flex\Xamarin.Forms.Flex.csproj", "{FEBB5760-21BE-4A51-845F-7F4017970B00}"
EndProject
Project("{FAE04EC0-301F-11D3-BF4B-00C04F79EFBC}") = "Xamarin.Forms.Flex.Android", "FlexButton\Xamarin.Forms.Flex.Android\Xamarin.Forms.Flex.Android.csproj", "{7C0CA7BC-842F-4492-AE49-C530618315F9}"
EndProject
Project("{FAE04EC0-301F-11D3-BF4B-00C04F79EFBC}") = "Xamarin.Forms.Flex.iOS", "FlexButton\Xamarin.Forms.Flex.iOS\Xamarin.Forms.Flex.iOS.csproj", "{43DD689A-3918-43EB-B654-8E1C54F23C72}"
EndProject
Global
	GlobalSection(SolutionConfigurationPlatforms) = preSolution
		Debug|Any CPU = Debug|Any CPU
		Release|Any CPU = Release|Any CPU
		Debug|iPhoneSimulator = Debug|iPhoneSimulator
		Release|iPhone = Release|iPhone
		Release|iPhoneSimulator = Release|iPhoneSimulator
		Debug|iPhone = Debug|iPhone
	EndGlobalSection
	GlobalSection(ProjectConfigurationPlatforms) = postSolution
		{059837A7-9A63-4664-AED7-F020A37DF868}.Debug|Any CPU.ActiveCfg = Debug|Any CPU
		{059837A7-9A63-4664-AED7-F020A37DF868}.Debug|Any CPU.Build.0 = Debug|Any CPU
		{059837A7-9A63-4664-AED7-F020A37DF868}.Release|Any CPU.ActiveCfg = Release|Any CPU
		{059837A7-9A63-4664-AED7-F020A37DF868}.Release|Any CPU.Build.0 = Release|Any CPU
		{059837A7-9A63-4664-AED7-F020A37DF868}.Debug|iPhoneSimulator.ActiveCfg = Debug|Any CPU
		{059837A7-9A63-4664-AED7-F020A37DF868}.Debug|iPhoneSimulator.Build.0 = Debug|Any CPU
		{059837A7-9A63-4664-AED7-F020A37DF868}.Release|iPhone.ActiveCfg = Release|Any CPU
		{059837A7-9A63-4664-AED7-F020A37DF868}.Release|iPhone.Build.0 = Release|Any CPU
		{059837A7-9A63-4664-AED7-F020A37DF868}.Release|iPhoneSimulator.ActiveCfg = Release|Any CPU
		{059837A7-9A63-4664-AED7-F020A37DF868}.Release|iPhoneSimulator.Build.0 = Release|Any CPU
		{059837A7-9A63-4664-AED7-F020A37DF868}.Debug|iPhone.ActiveCfg = Debug|Any CPU
		{059837A7-9A63-4664-AED7-F020A37DF868}.Debug|iPhone.Build.0 = Debug|Any CPU
		{FAD3DF33-4E3B-473B-A572-93C1E92D9CBA}.Debug|Any CPU.ActiveCfg = Debug|iPhoneSimulator
		{FAD3DF33-4E3B-473B-A572-93C1E92D9CBA}.Debug|Any CPU.Build.0 = Debug|iPhoneSimulator
		{FAD3DF33-4E3B-473B-A572-93C1E92D9CBA}.Release|Any CPU.ActiveCfg = Release|iPhone
		{FAD3DF33-4E3B-473B-A572-93C1E92D9CBA}.Release|Any CPU.Build.0 = Release|iPhone
		{FAD3DF33-4E3B-473B-A572-93C1E92D9CBA}.Debug|iPhoneSimulator.ActiveCfg = Debug|iPhoneSimulator
		{FAD3DF33-4E3B-473B-A572-93C1E92D9CBA}.Debug|iPhoneSimulator.Build.0 = Debug|iPhoneSimulator
		{FAD3DF33-4E3B-473B-A572-93C1E92D9CBA}.Release|iPhone.ActiveCfg = Release|iPhone
		{FAD3DF33-4E3B-473B-A572-93C1E92D9CBA}.Release|iPhone.Build.0 = Release|iPhone
		{FAD3DF33-4E3B-473B-A572-93C1E92D9CBA}.Release|iPhoneSimulator.ActiveCfg = Release|iPhoneSimulator
		{FAD3DF33-4E3B-473B-A572-93C1E92D9CBA}.Release|iPhoneSimulator.Build.0 = Release|iPhoneSimulator
		{FAD3DF33-4E3B-473B-A572-93C1E92D9CBA}.Debug|iPhone.ActiveCfg = Debug|iPhone
		{FAD3DF33-4E3B-473B-A572-93C1E92D9CBA}.Debug|iPhone.Build.0 = Debug|iPhone
		{53C2546B-E7C8-4CF8-ABA6-F0BEDD036094}.Debug|Any CPU.ActiveCfg = Debug|Any CPU
		{53C2546B-E7C8-4CF8-ABA6-F0BEDD036094}.Debug|Any CPU.Build.0 = Debug|Any CPU
		{53C2546B-E7C8-4CF8-ABA6-F0BEDD036094}.Release|Any CPU.ActiveCfg = Release|Any CPU
		{53C2546B-E7C8-4CF8-ABA6-F0BEDD036094}.Release|Any CPU.Build.0 = Release|Any CPU
		{53C2546B-E7C8-4CF8-ABA6-F0BEDD036094}.Debug|iPhoneSimulator.ActiveCfg = Debug|Any CPU
		{53C2546B-E7C8-4CF8-ABA6-F0BEDD036094}.Debug|iPhoneSimulator.Build.0 = Debug|Any CPU
		{53C2546B-E7C8-4CF8-ABA6-F0BEDD036094}.Release|iPhone.ActiveCfg = Release|Any CPU
		{53C2546B-E7C8-4CF8-ABA6-F0BEDD036094}.Release|iPhone.Build.0 = Release|Any CPU
		{53C2546B-E7C8-4CF8-ABA6-F0BEDD036094}.Release|iPhoneSimulator.ActiveCfg = Release|Any CPU
		{53C2546B-E7C8-4CF8-ABA6-F0BEDD036094}.Release|iPhoneSimulator.Build.0 = Release|Any CPU
		{53C2546B-E7C8-4CF8-ABA6-F0BEDD036094}.Debug|iPhone.ActiveCfg = Debug|Any CPU
		{53C2546B-E7C8-4CF8-ABA6-F0BEDD036094}.Debug|iPhone.Build.0 = Debug|Any CPU
		{6AC01F0C-165B-4DA8-93F2-104C7FCEF218}.Debug|Any CPU.ActiveCfg = Debug|Any CPU
		{6AC01F0C-165B-4DA8-93F2-104C7FCEF218}.Debug|Any CPU.Build.0 = Debug|Any CPU
		{6AC01F0C-165B-4DA8-93F2-104C7FCEF218}.Release|Any CPU.ActiveCfg = Release|Any CPU
		{6AC01F0C-165B-4DA8-93F2-104C7FCEF218}.Release|Any CPU.Build.0 = Release|Any CPU
		{6AC01F0C-165B-4DA8-93F2-104C7FCEF218}.Debug|iPhoneSimulator.ActiveCfg = Debug|Any CPU
		{6AC01F0C-165B-4DA8-93F2-104C7FCEF218}.Debug|iPhoneSimulator.Build.0 = Debug|Any CPU
		{6AC01F0C-165B-4DA8-93F2-104C7FCEF218}.Release|iPhone.ActiveCfg = Release|Any CPU
		{6AC01F0C-165B-4DA8-93F2-104C7FCEF218}.Release|iPhone.Build.0 = Release|Any CPU
		{6AC01F0C-165B-4DA8-93F2-104C7FCEF218}.Release|iPhoneSimulator.ActiveCfg = Release|Any CPU
		{6AC01F0C-165B-4DA8-93F2-104C7FCEF218}.Release|iPhoneSimulator.Build.0 = Release|Any CPU
		{6AC01F0C-165B-4DA8-93F2-104C7FCEF218}.Debug|iPhone.ActiveCfg = Debug|Any CPU
		{6AC01F0C-165B-4DA8-93F2-104C7FCEF218}.Debug|iPhone.Build.0 = Debug|Any CPU
		{FEBB5760-21BE-4A51-845F-7F4017970B00}.Debug|Any CPU.ActiveCfg = Debug|Any CPU
		{FEBB5760-21BE-4A51-845F-7F4017970B00}.Debug|Any CPU.Build.0 = Debug|Any CPU
		{FEBB5760-21BE-4A51-845F-7F4017970B00}.Release|Any CPU.ActiveCfg = Release|Any CPU
		{FEBB5760-21BE-4A51-845F-7F4017970B00}.Release|Any CPU.Build.0 = Release|Any CPU
		{FEBB5760-21BE-4A51-845F-7F4017970B00}.Debug|iPhoneSimulator.ActiveCfg = Debug|Any CPU
		{FEBB5760-21BE-4A51-845F-7F4017970B00}.Debug|iPhoneSimulator.Build.0 = Debug|Any CPU
		{FEBB5760-21BE-4A51-845F-7F4017970B00}.Release|iPhone.ActiveCfg = Release|Any CPU
		{FEBB5760-21BE-4A51-845F-7F4017970B00}.Release|iPhone.Build.0 = Release|Any CPU
		{FEBB5760-21BE-4A51-845F-7F4017970B00}.Release|iPhoneSimulator.ActiveCfg = Release|Any CPU
		{FEBB5760-21BE-4A51-845F-7F4017970B00}.Release|iPhoneSimulator.Build.0 = Release|Any CPU
		{FEBB5760-21BE-4A51-845F-7F4017970B00}.Debug|iPhone.ActiveCfg = Debug|Any CPU
		{FEBB5760-21BE-4A51-845F-7F4017970B00}.Debug|iPhone.Build.0 = Debug|Any CPU
		{7C0CA7BC-842F-4492-AE49-C530618315F9}.Debug|Any CPU.ActiveCfg = Debug|Any CPU
		{7C0CA7BC-842F-4492-AE49-C530618315F9}.Debug|Any CPU.Build.0 = Debug|Any CPU
		{7C0CA7BC-842F-4492-AE49-C530618315F9}.Release|Any CPU.ActiveCfg = Release|Any CPU
		{7C0CA7BC-842F-4492-AE49-C530618315F9}.Release|Any CPU.Build.0 = Release|Any CPU
		{7C0CA7BC-842F-4492-AE49-C530618315F9}.Debug|iPhoneSimulator.ActiveCfg = Debug|Any CPU
		{7C0CA7BC-842F-4492-AE49-C530618315F9}.Debug|iPhoneSimulator.Build.0 = Debug|Any CPU
		{7C0CA7BC-842F-4492-AE49-C530618315F9}.Release|iPhone.ActiveCfg = Release|Any CPU
		{7C0CA7BC-842F-4492-AE49-C530618315F9}.Release|iPhone.Build.0 = Release|Any CPU
		{7C0CA7BC-842F-4492-AE49-C530618315F9}.Release|iPhoneSimulator.ActiveCfg = Release|Any CPU
		{7C0CA7BC-842F-4492-AE49-C530618315F9}.Release|iPhoneSimulator.Build.0 = Release|Any CPU
		{7C0CA7BC-842F-4492-AE49-C530618315F9}.Debug|iPhone.ActiveCfg = Debug|Any CPU
		{7C0CA7BC-842F-4492-AE49-C530618315F9}.Debug|iPhone.Build.0 = Debug|Any CPU
		{43DD689A-3918-43EB-B654-8E1C54F23C72}.Debug|Any CPU.ActiveCfg = Debug|Any CPU
		{43DD689A-3918-43EB-B654-8E1C54F23C72}.Debug|Any CPU.Build.0 = Debug|Any CPU
		{43DD689A-3918-43EB-B654-8E1C54F23C72}.Release|Any CPU.ActiveCfg = Release|Any CPU
		{43DD689A-3918-43EB-B654-8E1C54F23C72}.Release|Any CPU.Build.0 = Release|Any CPU
		{43DD689A-3918-43EB-B654-8E1C54F23C72}.Debug|iPhoneSimulator.ActiveCfg = Debug|Any CPU
		{43DD689A-3918-43EB-B654-8E1C54F23C72}.Debug|iPhoneSimulator.Build.0 = Debug|Any CPU
		{43DD689A-3918-43EB-B654-8E1C54F23C72}.Release|iPhone.ActiveCfg = Release|Any CPU
		{43DD689A-3918-43EB-B654-8E1C54F23C72}.Release|iPhone.Build.0 = Release|Any CPU
		{43DD689A-3918-43EB-B654-8E1C54F23C72}.Release|iPhoneSimulator.ActiveCfg = Release|Any CPU
		{43DD689A-3918-43EB-B654-8E1C54F23C72}.Release|iPhoneSimulator.Build.0 = Release|Any CPU
		{43DD689A-3918-43EB-B654-8E1C54F23C72}.Debug|iPhone.ActiveCfg = Debug|Any CPU
		{43DD689A-3918-43EB-B654-8E1C54F23C72}.Debug|iPhone.Build.0 = Debug|Any CPU
	EndGlobalSection
	GlobalSection(NestedProjects) = preSolution
		{059837A7-9A63-4664-AED7-F020A37DF868} = {C7DB3443-743F-4623-B368-06DDCB79BDE6}
		{53C2546B-E7C8-4CF8-ABA6-F0BEDD036094} = {C7DB3443-743F-4623-B368-06DDCB79BDE6}
		{FAD3DF33-4E3B-473B-A572-93C1E92D9CBA} = {C7DB3443-743F-4623-B368-06DDCB79BDE6}
		{6AC01F0C-165B-4DA8-93F2-104C7FCEF218} = {C7DB3443-743F-4623-B368-06DDCB79BDE6}
	EndGlobalSection
EndGlobal
